
Microsoft Visual Studio Solution File, Format Version 12.00
# Visual Studio Version 16
VisualStudioVersion = 16.0.30804.86
MinimumVisualStudioVersion = 10.0.40219.1
Project("{FAE04EC0-301F-11D3-BF4B-00C04F79EFBC}") = "ElasticQueryTemplating", "ElasticQueryTemplating.csproj", "{4C879705-3A34-4EFA-92C8-9F85CE1B8C82}"
EndProject
Global
	GlobalSection(SolutionConfigurationPlatforms) = preSolution
		Debug|Any CPU = Debug|Any CPU
		Release|Any CPU = Release|Any CPU
	EndGlobalSection
	GlobalSection(ProjectConfigurationPlatforms) = postSolution
		{4C879705-3A34-4EFA-92C8-9F85CE1B8C82}.Debug|Any CPU.ActiveCfg = Debug|Any CPU
		{4C879705-3A34-4EFA-92C8-9F85CE1B8C82}.Debug|Any CPU.Build.0 = Debug|Any CPU
		{4C879705-3A34-4EFA-92C8-9F85CE1B8C82}.Release|Any CPU.ActiveCfg = Release|Any CPU
		{4C879705-3A34-4EFA-92C8-9F85CE1B8C82}.Release|Any CPU.Build.0 = Release|Any CPU
	EndGlobalSection
	GlobalSection(SolutionProperties) = preSolution
		HideSolutionNode = FALSE
	EndGlobalSection
	GlobalSection(ExtensibilityGlobals) = postSolution
		SolutionGuid = {C62BD7EB-7635-4B70-8B5B-4C335BC36C4E}
	EndGlobalSection
EndGlobal
